
Microsoft Visual Studio Solution File, Format Version 12.00
# Visual Studio Version 17
VisualStudioVersion = 17.1.32421.90
MinimumVisualStudioVersion = 10.0.40219.1
Project("{2150E333-8FDC-42A3-9474-1A3956D46DE8}") = "src", "src", "{CF880B23-D8CD-442D-9768-0DC0B8EEBE11}"
EndProject
Project("{2150E333-8FDC-42A3-9474-1A3956D46DE8}") = "tests", "tests", "{03421D67-4EBF-4F0C-8C8C-E2C4CA78A03C}"
EndProject
Project("{2150E333-8FDC-42A3-9474-1A3956D46DE8}") = "Services", "Services", "{FABF2539-9CFE-4FEB-A83E-D0375D934F57}"
EndProject
Project("{2150E333-8FDC-42A3-9474-1A3956D46DE8}") = "Auth", "Auth", "{2231A285-99BA-454D-9E7F-7F6B1E8B9C6C}"
EndProject
Project("{9A19103F-16F7-4668-BE54-9A1E7A4F7556}") = "DPNerd.Auth.api", "src\Services\DPNerd.Auth.api\DPNerd.Auth.api.csproj", "{F705A478-2BCF-4B79-B6F9-50DF3FB999A1}"
EndProject
Project("{2150E333-8FDC-42A3-9474-1A3956D46DE8}") = "Building Blocks", "Building Blocks", "{58073AD3-33B3-4D1F-890B-97F365F61F95}"
EndProject
Project("{2150E333-8FDC-42A3-9474-1A3956D46DE8}") = "Core", "Core", "{11054430-B5FB-402D-879B-642BD62390AD}"
EndProject
Project("{9A19103F-16F7-4668-BE54-9A1E7A4F7556}") = "DPNerd.Core", "src\building blocks\DPNerd.Core\DPNerd.Core.csproj", "{1C9938F0-ADF7-4B64-9C7B-CD22808086F5}"
EndProject
Project("{2150E333-8FDC-42A3-9474-1A3956D46DE8}") = "Services", "Services", "{3D4E2681-6BD0-4578-8536-14FA95C3D210}"
EndProject
Project("{9A19103F-16F7-4668-BE54-9A1E7A4F7556}") = "DPNerd.WebAPI.Core", "src\building blocks\DPNerd.WebAPI.Core\DPNerd.WebAPI.Core.csproj", "{9E0A8E6C-80D3-49ED-9943-71B6408B3029}"
EndProject
Project("{2150E333-8FDC-42A3-9474-1A3956D46DE8}") = "Web", "Web", "{CCC64780-1BB6-43E3-9D16-3A9B968721B3}"
EndProject
Project("{2150E333-8FDC-42A3-9474-1A3956D46DE8}") = "MVC", "MVC", "{FA4435A8-1798-48CC-B7E2-9EF5A69B49EB}"
EndProject
Project("{9A19103F-16F7-4668-BE54-9A1E7A4F7556}") = "DPNerd.WebApp.MVC", "src\Web\DPNerd.WebApp.MVC\DPNerd.WebApp.MVC.csproj", "{EBE97CB1-16B6-4555-9F38-AFD210EEA42C}"
EndProject
Global
	GlobalSection(SolutionConfigurationPlatforms) = preSolution
		Debug|Any CPU = Debug|Any CPU
		Release|Any CPU = Release|Any CPU
	EndGlobalSection
	GlobalSection(ProjectConfigurationPlatforms) = postSolution
		{F705A478-2BCF-4B79-B6F9-50DF3FB999A1}.Debug|Any CPU.ActiveCfg = Debug|Any CPU
		{F705A478-2BCF-4B79-B6F9-50DF3FB999A1}.Debug|Any CPU.Build.0 = Debug|Any CPU
		{F705A478-2BCF-4B79-B6F9-50DF3FB999A1}.Release|Any CPU.ActiveCfg = Release|Any CPU
		{F705A478-2BCF-4B79-B6F9-50DF3FB999A1}.Release|Any CPU.Build.0 = Release|Any CPU
		{1C9938F0-ADF7-4B64-9C7B-CD22808086F5}.Debug|Any CPU.ActiveCfg = Debug|Any CPU
		{1C9938F0-ADF7-4B64-9C7B-CD22808086F5}.Debug|Any CPU.Build.0 = Debug|Any CPU
		{1C9938F0-ADF7-4B64-9C7B-CD22808086F5}.Release|Any CPU.ActiveCfg = Release|Any CPU
		{1C9938F0-ADF7-4B64-9C7B-CD22808086F5}.Release|Any CPU.Build.0 = Release|Any CPU
		{9E0A8E6C-80D3-49ED-9943-71B6408B3029}.Debug|Any CPU.ActiveCfg = Debug|Any CPU
		{9E0A8E6C-80D3-49ED-9943-71B6408B3029}.Debug|Any CPU.Build.0 = Debug|Any CPU
		{9E0A8E6C-80D3-49ED-9943-71B6408B3029}.Release|Any CPU.ActiveCfg = Release|Any CPU
		{9E0A8E6C-80D3-49ED-9943-71B6408B3029}.Release|Any CPU.Build.0 = Release|Any CPU
		{EBE97CB1-16B6-4555-9F38-AFD210EEA42C}.Debug|Any CPU.ActiveCfg = Debug|Any CPU
		{EBE97CB1-16B6-4555-9F38-AFD210EEA42C}.Debug|Any CPU.Build.0 = Debug|Any CPU
		{EBE97CB1-16B6-4555-9F38-AFD210EEA42C}.Release|Any CPU.ActiveCfg = Release|Any CPU
		{EBE97CB1-16B6-4555-9F38-AFD210EEA42C}.Release|Any CPU.Build.0 = Release|Any CPU
	EndGlobalSection
	GlobalSection(SolutionProperties) = preSolution
		HideSolutionNode = FALSE
	EndGlobalSection
	GlobalSection(NestedProjects) = preSolution
		{FABF2539-9CFE-4FEB-A83E-D0375D934F57} = {CF880B23-D8CD-442D-9768-0DC0B8EEBE11}
		{2231A285-99BA-454D-9E7F-7F6B1E8B9C6C} = {FABF2539-9CFE-4FEB-A83E-D0375D934F57}
		{F705A478-2BCF-4B79-B6F9-50DF3FB999A1} = {2231A285-99BA-454D-9E7F-7F6B1E8B9C6C}
		{58073AD3-33B3-4D1F-890B-97F365F61F95} = {CF880B23-D8CD-442D-9768-0DC0B8EEBE11}
		{11054430-B5FB-402D-879B-642BD62390AD} = {58073AD3-33B3-4D1F-890B-97F365F61F95}
		{1C9938F0-ADF7-4B64-9C7B-CD22808086F5} = {11054430-B5FB-402D-879B-642BD62390AD}
		{3D4E2681-6BD0-4578-8536-14FA95C3D210} = {58073AD3-33B3-4D1F-890B-97F365F61F95}
		{9E0A8E6C-80D3-49ED-9943-71B6408B3029} = {3D4E2681-6BD0-4578-8536-14FA95C3D210}
		{CCC64780-1BB6-43E3-9D16-3A9B968721B3} = {CF880B23-D8CD-442D-9768-0DC0B8EEBE11}
		{FA4435A8-1798-48CC-B7E2-9EF5A69B49EB} = {CCC64780-1BB6-43E3-9D16-3A9B968721B3}
		{EBE97CB1-16B6-4555-9F38-AFD210EEA42C} = {FA4435A8-1798-48CC-B7E2-9EF5A69B49EB}
	EndGlobalSection
	GlobalSection(ExtensibilityGlobals) = postSolution
		SolutionGuid = {89D80FE1-4964-4894-B713-A5A33AFF16DB}
	EndGlobalSection
EndGlobal
